
Microsoft Visual Studio Solution File, Format Version 12.00
# Visual Studio Version 17
VisualStudioVersion = 17.2.32526.322
MinimumVisualStudioVersion = 10.0.40219.1
Project("{9A19103F-16F7-4668-BE54-9A1E7A4F7556}") = "ojaIle.webapi", "ojaIle.webapi\ojaIle.webapi.csproj", "{E49FB233-E66D-48C2-A749-34B87B7A9847}"
EndProject
Project("{2150E333-8FDC-42A3-9474-1A3956D46DE8}") = "Host", "Host", "{EB06128F-6B7D-4C7E-82C9-E819D7705BA2}"
EndProject
Project("{2150E333-8FDC-42A3-9474-1A3956D46DE8}") = "Data", "Data", "{33AAFC29-C10F-45EE-988C-82DF9F2D74EE}"
EndProject
Project("{2150E333-8FDC-42A3-9474-1A3956D46DE8}") = "Web", "Web", "{A133BB16-9D94-49D2-8FCE-74EA9183C898}"
EndProject
Project("{2150E333-8FDC-42A3-9474-1A3956D46DE8}") = "Logic", "Logic", "{2A5CFE60-8AF5-41EB-BAAE-475323550274}"
EndProject
Project("{2150E333-8FDC-42A3-9474-1A3956D46DE8}") = "Test", "Test", "{739B733A-1C3C-4285-A7BB-8734A4159693}"
EndProject
Project("{2150E333-8FDC-42A3-9474-1A3956D46DE8}") = "Mobile", "Mobile", "{358C3324-8A21-43B3-B355-BB518541AFF7}"
EndProject
Project("{2150E333-8FDC-42A3-9474-1A3956D46DE8}") = "Common", "Common", "{556517B1-1CE4-42A4-8865-9E0EB75599D2}"
EndProject
Project("{9A19103F-16F7-4668-BE54-9A1E7A4F7556}") = "OjaIle.data", "OjaIle\OjaIle.data.csproj", "{2C3CB49E-D4AE-4864-A73B-DFD66D31806A}"
EndProject
Project("{9A19103F-16F7-4668-BE54-9A1E7A4F7556}") = "ojaIle.core", "ojaIle.core\ojaIle.core.csproj", "{16AA4E7C-D06D-437C-B6BE-8F6FB7FE3524}"
EndProject
Project("{9A19103F-16F7-4668-BE54-9A1E7A4F7556}") = "ojaIle.facade", "ojaIle.facade\ojaIle.facade.csproj", "{4A9BB008-79ED-476C-9A63-E25B1E6B180A}"
EndProject
Project("{9A19103F-16F7-4668-BE54-9A1E7A4F7556}") = "ojaIle.abstraction", "ojaIle.abstraction\ojaIle.abstraction.csproj", "{892DB48C-0A54-47BB-BC9F-440364A36461}"
EndProject
Project("{9A19103F-16F7-4668-BE54-9A1E7A4F7556}") = "ojaile.client", "ojaile.client\ojaile.client.csproj", "{84E20521-A08B-45F2-9446-9960B093B0A9}"
EndProject
Project("{9A19103F-16F7-4668-BE54-9A1E7A4F7556}") = "WebApp.Client2", "WebApp.Client2\WebApp.Client2.csproj", "{493FD2DC-E399-4EDF-B96B-DDB95CFFA481}"
EndProject
Project("{2150E333-8FDC-42A3-9474-1A3956D46DE8}") = "web2", "web2", "{FCFA95BF-4412-4A1F-BE1B-9722A79AF369}"
EndProject
Project("{2150E333-8FDC-42A3-9474-1A3956D46DE8}") = "Web4", "Web4", "{B19B3E8C-A282-4FF7-A309-ED9EB960381B}"
EndProject
Project("{9A19103F-16F7-4668-BE54-9A1E7A4F7556}") = "ojaile.client2", "ojaile.client2\ojaile.client2.csproj", "{C6A309F9-2808-4BAF-9650-ECC8EADDA3AF}"
EndProject
Project("{2150E333-8FDC-42A3-9474-1A3956D46DE8}") = "Web5", "Web5", "{C1C81D37-8E88-4ADB-8786-1FB5230582A7}"
EndProject
Project("{FAE04EC0-301F-11D3-BF4B-00C04F79EFBC}") = "Ojaile.Consume", "Ojaile.Consume\Ojaile.Consume.csproj", "{01FC9ECA-8BC0-47A9-8CF9-197242ADEE4E}"
EndProject
Global
	GlobalSection(SolutionConfigurationPlatforms) = preSolution
		Debug|Any CPU = Debug|Any CPU
		Release|Any CPU = Release|Any CPU
	EndGlobalSection
	GlobalSection(ProjectConfigurationPlatforms) = postSolution
		{E49FB233-E66D-48C2-A749-34B87B7A9847}.Debug|Any CPU.ActiveCfg = Debug|Any CPU
		{E49FB233-E66D-48C2-A749-34B87B7A9847}.Debug|Any CPU.Build.0 = Debug|Any CPU
		{E49FB233-E66D-48C2-A749-34B87B7A9847}.Release|Any CPU.ActiveCfg = Release|Any CPU
		{E49FB233-E66D-48C2-A749-34B87B7A9847}.Release|Any CPU.Build.0 = Release|Any CPU
		{2C3CB49E-D4AE-4864-A73B-DFD66D31806A}.Debug|Any CPU.ActiveCfg = Debug|Any CPU
		{2C3CB49E-D4AE-4864-A73B-DFD66D31806A}.Debug|Any CPU.Build.0 = Debug|Any CPU
		{2C3CB49E-D4AE-4864-A73B-DFD66D31806A}.Release|Any CPU.ActiveCfg = Release|Any CPU
		{2C3CB49E-D4AE-4864-A73B-DFD66D31806A}.Release|Any CPU.Build.0 = Release|Any CPU
		{16AA4E7C-D06D-437C-B6BE-8F6FB7FE3524}.Debug|Any CPU.ActiveCfg = Debug|Any CPU
		{16AA4E7C-D06D-437C-B6BE-8F6FB7FE3524}.Debug|Any CPU.Build.0 = Debug|Any CPU
		{16AA4E7C-D06D-437C-B6BE-8F6FB7FE3524}.Release|Any CPU.ActiveCfg = Release|Any CPU
		{16AA4E7C-D06D-437C-B6BE-8F6FB7FE3524}.Release|Any CPU.Build.0 = Release|Any CPU
		{4A9BB008-79ED-476C-9A63-E25B1E6B180A}.Debug|Any CPU.ActiveCfg = Debug|Any CPU
		{4A9BB008-79ED-476C-9A63-E25B1E6B180A}.Debug|Any CPU.Build.0 = Debug|Any CPU
		{4A9BB008-79ED-476C-9A63-E25B1E6B180A}.Release|Any CPU.ActiveCfg = Release|Any CPU
		{4A9BB008-79ED-476C-9A63-E25B1E6B180A}.Release|Any CPU.Build.0 = Release|Any CPU
		{892DB48C-0A54-47BB-BC9F-440364A36461}.Debug|Any CPU.ActiveCfg = Debug|Any CPU
		{892DB48C-0A54-47BB-BC9F-440364A36461}.Debug|Any CPU.Build.0 = Debug|Any CPU
		{892DB48C-0A54-47BB-BC9F-440364A36461}.Release|Any CPU.ActiveCfg = Release|Any CPU
		{892DB48C-0A54-47BB-BC9F-440364A36461}.Release|Any CPU.Build.0 = Release|Any CPU
		{84E20521-A08B-45F2-9446-9960B093B0A9}.Debug|Any CPU.ActiveCfg = Debug|Any CPU
		{84E20521-A08B-45F2-9446-9960B093B0A9}.Debug|Any CPU.Build.0 = Debug|Any CPU
		{84E20521-A08B-45F2-9446-9960B093B0A9}.Release|Any CPU.ActiveCfg = Release|Any CPU
		{84E20521-A08B-45F2-9446-9960B093B0A9}.Release|Any CPU.Build.0 = Release|Any CPU
		{493FD2DC-E399-4EDF-B96B-DDB95CFFA481}.Debug|Any CPU.ActiveCfg = Debug|Any CPU
		{493FD2DC-E399-4EDF-B96B-DDB95CFFA481}.Debug|Any CPU.Build.0 = Debug|Any CPU
		{493FD2DC-E399-4EDF-B96B-DDB95CFFA481}.Release|Any CPU.ActiveCfg = Release|Any CPU
		{493FD2DC-E399-4EDF-B96B-DDB95CFFA481}.Release|Any CPU.Build.0 = Release|Any CPU
		{C6A309F9-2808-4BAF-9650-ECC8EADDA3AF}.Debug|Any CPU.ActiveCfg = Debug|Any CPU
		{C6A309F9-2808-4BAF-9650-ECC8EADDA3AF}.Debug|Any CPU.Build.0 = Debug|Any CPU
		{C6A309F9-2808-4BAF-9650-ECC8EADDA3AF}.Release|Any CPU.ActiveCfg = Release|Any CPU
		{C6A309F9-2808-4BAF-9650-ECC8EADDA3AF}.Release|Any CPU.Build.0 = Release|Any CPU
		{01FC9ECA-8BC0-47A9-8CF9-197242ADEE4E}.Debug|Any CPU.ActiveCfg = Debug|Any CPU
		{01FC9ECA-8BC0-47A9-8CF9-197242ADEE4E}.Debug|Any CPU.Build.0 = Debug|Any CPU
		{01FC9ECA-8BC0-47A9-8CF9-197242ADEE4E}.Release|Any CPU.ActiveCfg = Release|Any CPU
		{01FC9ECA-8BC0-47A9-8CF9-197242ADEE4E}.Release|Any CPU.Build.0 = Release|Any CPU
	EndGlobalSection
	GlobalSection(SolutionProperties) = preSolution
		HideSolutionNode = FALSE
	EndGlobalSection
	GlobalSection(NestedProjects) = preSolution
		{E49FB233-E66D-48C2-A749-34B87B7A9847} = {EB06128F-6B7D-4C7E-82C9-E819D7705BA2}
		{33AAFC29-C10F-45EE-988C-82DF9F2D74EE} = {556517B1-1CE4-42A4-8865-9E0EB75599D2}
		{2C3CB49E-D4AE-4864-A73B-DFD66D31806A} = {33AAFC29-C10F-45EE-988C-82DF9F2D74EE}
		{16AA4E7C-D06D-437C-B6BE-8F6FB7FE3524} = {556517B1-1CE4-42A4-8865-9E0EB75599D2}
		{4A9BB008-79ED-476C-9A63-E25B1E6B180A} = {2A5CFE60-8AF5-41EB-BAAE-475323550274}
		{892DB48C-0A54-47BB-BC9F-440364A36461} = {2A5CFE60-8AF5-41EB-BAAE-475323550274}
		{84E20521-A08B-45F2-9446-9960B093B0A9} = {A133BB16-9D94-49D2-8FCE-74EA9183C898}
		{493FD2DC-E399-4EDF-B96B-DDB95CFFA481} = {FCFA95BF-4412-4A1F-BE1B-9722A79AF369}
		{C6A309F9-2808-4BAF-9650-ECC8EADDA3AF} = {B19B3E8C-A282-4FF7-A309-ED9EB960381B}
		{01FC9ECA-8BC0-47A9-8CF9-197242ADEE4E} = {C1C81D37-8E88-4ADB-8786-1FB5230582A7}
	EndGlobalSection
	GlobalSection(ExtensibilityGlobals) = postSolution
		SolutionGuid = {342A62B9-ACEA-4499-818E-2702AEE1D6F1}
	EndGlobalSection
EndGlobal
